
Microsoft Visual Studio Solution File, Format Version 12.00
# Visual Studio Version 16
VisualStudioVersion = 16.0.32802.440
MinimumVisualStudioVersion = 10.0.40219.1
Project("{888888A0-9F3D-457C-B088-3A5042F75D52}") = "Yin_Yang_Codec", "Yin_Yang_Codec.pyproj", "{390205B3-0F9F-42CF-B4FC-C529863EFB26}"
EndProject
Global
	GlobalSection(SolutionConfigurationPlatforms) = preSolution
		Debug|Any CPU = Debug|Any CPU
		Release|Any CPU = Release|Any CPU
	EndGlobalSection
	GlobalSection(ProjectConfigurationPlatforms) = postSolution
		{390205B3-0F9F-42CF-B4FC-C529863EFB26}.Debug|Any CPU.ActiveCfg = Debug|Any CPU
		{390205B3-0F9F-42CF-B4FC-C529863EFB26}.Release|Any CPU.ActiveCfg = Release|Any CPU
	EndGlobalSection
	GlobalSection(SolutionProperties) = preSolution
		HideSolutionNode = FALSE
	EndGlobalSection
	GlobalSection(ExtensibilityGlobals) = postSolution
		SolutionGuid = {539B1B5F-F451-4A60-AF25-087F878A6BF5}
	EndGlobalSection
EndGlobal
